
Microsoft Visual Studio Solution File, Format Version 12.00
# Visual Studio Version 17
VisualStudioVersion = 17.1.32319.34
MinimumVisualStudioVersion = 10.0.40219.1
Project("{FAE04EC0-301F-11D3-BF4B-00C04F79EFBC}") = "EXAMINATIONSYSTEM", "EXAMINATIONSYSTEM\EXAMINATIONSYSTEM.csproj", "{E8284CBF-BBFB-42F5-B7DF-48036D1BEF55}"
EndProject
Project("{F14B399A-7131-4C87-9E4B-1186C45EF12D}") = "project5withproc", "EXAMINATIONSYSTEM\ALL Reports\project5withproc\project5withproc.rptproj", "{17EC5696-D17F-4B2D-924C-14F163D773FA}"
EndProject
Project("{F14B399A-7131-4C87-9E4B-1186C45EF12D}") = "Report3withproc", "EXAMINATIONSYSTEM\ALL Reports\Report3withproc\Report3withproc.rptproj", "{0251451E-8FF8-4356-B501-9A181125EE10}"
EndProject
Project("{F14B399A-7131-4C87-9E4B-1186C45EF12D}") = "report1withproc", "EXAMINATIONSYSTEM\ALL Reports\report1withproc\report1withproc.rptproj", "{E68CB3B1-C25E-4868-ADDD-EB21B577D8DC}"
EndProject
Global
	GlobalSection(SolutionConfigurationPlatforms) = preSolution
		Debug|Any CPU = Debug|Any CPU
		DebugLocal|Any CPU = DebugLocal|Any CPU
		Release|Any CPU = Release|Any CPU
	EndGlobalSection
	GlobalSection(ProjectConfigurationPlatforms) = postSolution
		{E8284CBF-BBFB-42F5-B7DF-48036D1BEF55}.Debug|Any CPU.ActiveCfg = Debug|Any CPU
		{E8284CBF-BBFB-42F5-B7DF-48036D1BEF55}.Debug|Any CPU.Build.0 = Debug|Any CPU
		{E8284CBF-BBFB-42F5-B7DF-48036D1BEF55}.DebugLocal|Any CPU.ActiveCfg = Debug|Any CPU
		{E8284CBF-BBFB-42F5-B7DF-48036D1BEF55}.DebugLocal|Any CPU.Build.0 = Debug|Any CPU
		{E8284CBF-BBFB-42F5-B7DF-48036D1BEF55}.Release|Any CPU.ActiveCfg = Release|Any CPU
		{E8284CBF-BBFB-42F5-B7DF-48036D1BEF55}.Release|Any CPU.Build.0 = Release|Any CPU
		{17EC5696-D17F-4B2D-924C-14F163D773FA}.Debug|Any CPU.ActiveCfg = Debug
		{17EC5696-D17F-4B2D-924C-14F163D773FA}.Debug|Any CPU.Build.0 = Debug
		{17EC5696-D17F-4B2D-924C-14F163D773FA}.Debug|Any CPU.Deploy.0 = Debug
		{17EC5696-D17F-4B2D-924C-14F163D773FA}.DebugLocal|Any CPU.ActiveCfg = DebugLocal
		{17EC5696-D17F-4B2D-924C-14F163D773FA}.DebugLocal|Any CPU.Build.0 = DebugLocal
		{17EC5696-D17F-4B2D-924C-14F163D773FA}.DebugLocal|Any CPU.Deploy.0 = DebugLocal
		{17EC5696-D17F-4B2D-924C-14F163D773FA}.Release|Any CPU.ActiveCfg = Release
		{17EC5696-D17F-4B2D-924C-14F163D773FA}.Release|Any CPU.Build.0 = Release
		{17EC5696-D17F-4B2D-924C-14F163D773FA}.Release|Any CPU.Deploy.0 = Release
		{0251451E-8FF8-4356-B501-9A181125EE10}.Debug|Any CPU.ActiveCfg = Debug
		{0251451E-8FF8-4356-B501-9A181125EE10}.Debug|Any CPU.Build.0 = Debug
		{0251451E-8FF8-4356-B501-9A181125EE10}.Debug|Any CPU.Deploy.0 = Debug
		{0251451E-8FF8-4356-B501-9A181125EE10}.DebugLocal|Any CPU.ActiveCfg = DebugLocal
		{0251451E-8FF8-4356-B501-9A181125EE10}.DebugLocal|Any CPU.Build.0 = DebugLocal
		{0251451E-8FF8-4356-B501-9A181125EE10}.DebugLocal|Any CPU.Deploy.0 = DebugLocal
		{0251451E-8FF8-4356-B501-9A181125EE10}.Release|Any CPU.ActiveCfg = Release
		{0251451E-8FF8-4356-B501-9A181125EE10}.Release|Any CPU.Build.0 = Release
		{0251451E-8FF8-4356-B501-9A181125EE10}.Release|Any CPU.Deploy.0 = Release
		{E68CB3B1-C25E-4868-ADDD-EB21B577D8DC}.Debug|Any CPU.ActiveCfg = Debug
		{E68CB3B1-C25E-4868-ADDD-EB21B577D8DC}.Debug|Any CPU.Build.0 = Debug
		{E68CB3B1-C25E-4868-ADDD-EB21B577D8DC}.Debug|Any CPU.Deploy.0 = Debug
		{E68CB3B1-C25E-4868-ADDD-EB21B577D8DC}.DebugLocal|Any CPU.ActiveCfg = DebugLocal
		{E68CB3B1-C25E-4868-ADDD-EB21B577D8DC}.DebugLocal|Any CPU.Build.0 = DebugLocal
		{E68CB3B1-C25E-4868-ADDD-EB21B577D8DC}.DebugLocal|Any CPU.Deploy.0 = DebugLocal
		{E68CB3B1-C25E-4868-ADDD-EB21B577D8DC}.Release|Any CPU.ActiveCfg = Release
		{E68CB3B1-C25E-4868-ADDD-EB21B577D8DC}.Release|Any CPU.Build.0 = Release
		{E68CB3B1-C25E-4868-ADDD-EB21B577D8DC}.Release|Any CPU.Deploy.0 = Release
	EndGlobalSection
	GlobalSection(SolutionProperties) = preSolution
		HideSolutionNode = FALSE
	EndGlobalSection
	GlobalSection(ExtensibilityGlobals) = postSolution
		SolutionGuid = {3897A4E7-EFB5-47C0-B62B-14FE7D53C68A}
	EndGlobalSection
EndGlobal
